
Microsoft Visual Studio Solution File, Format Version 12.00
# Visual Studio Version 16
VisualStudioVersion = 16.0.30225.117
MinimumVisualStudioVersion = 10.0.40219.1
Project("{FAE04EC0-301F-11D3-BF4B-00C04F79EFBC}") = "TestAzureSignalRServer", "TestAzureSignalRServer\TestAzureSignalRServer.csproj", "{23930A97-CD28-424A-B3BF-7FF934171F1C}"
EndProject
Project("{FAE04EC0-301F-11D3-BF4B-00C04F79EFBC}") = "TestClient", "TestClient\TestClient.csproj", "{E148CAF4-E76C-4179-B256-47D7AD43C99C}"
EndProject
Global
	GlobalSection(SolutionConfigurationPlatforms) = preSolution
		Debug|Any CPU = Debug|Any CPU
		Release|Any CPU = Release|Any CPU
	EndGlobalSection
	GlobalSection(ProjectConfigurationPlatforms) = postSolution
		{23930A97-CD28-424A-B3BF-7FF934171F1C}.Debug|Any CPU.ActiveCfg = Debug|Any CPU
		{23930A97-CD28-424A-B3BF-7FF934171F1C}.Debug|Any CPU.Build.0 = Debug|Any CPU
		{23930A97-CD28-424A-B3BF-7FF934171F1C}.Release|Any CPU.ActiveCfg = Release|Any CPU
		{23930A97-CD28-424A-B3BF-7FF934171F1C}.Release|Any CPU.Build.0 = Release|Any CPU
		{E148CAF4-E76C-4179-B256-47D7AD43C99C}.Debug|Any CPU.ActiveCfg = Debug|Any CPU
		{E148CAF4-E76C-4179-B256-47D7AD43C99C}.Debug|Any CPU.Build.0 = Debug|Any CPU
		{E148CAF4-E76C-4179-B256-47D7AD43C99C}.Release|Any CPU.ActiveCfg = Release|Any CPU
		{E148CAF4-E76C-4179-B256-47D7AD43C99C}.Release|Any CPU.Build.0 = Release|Any CPU
	EndGlobalSection
	GlobalSection(SolutionProperties) = preSolution
		HideSolutionNode = FALSE
	EndGlobalSection
	GlobalSection(ExtensibilityGlobals) = postSolution
		SolutionGuid = {ED0BE7BB-E116-4B24-87D2-7A3109ED2577}
	EndGlobalSection
EndGlobal
